
Microsoft Visual Studio Solution File, Format Version 12.00
# Visual Studio Version 16
VisualStudioVersion = 16.0.31624.102
MinimumVisualStudioVersion = 10.0.40219.1
Project("{FAE04EC0-301F-11D3-BF4B-00C04F79EFBC}") = "ConsoleAppStruct", "ConsoleAppStruct\ConsoleAppStruct.csproj", "{A9F4AECC-3070-4DDA-B7E0-A399A3FAC258}"
EndProject
Global
	GlobalSection(SolutionConfigurationPlatforms) = preSolution
		Debug|Any CPU = Debug|Any CPU
		Release|Any CPU = Release|Any CPU
	EndGlobalSection
	GlobalSection(ProjectConfigurationPlatforms) = postSolution
		{A9F4AECC-3070-4DDA-B7E0-A399A3FAC258}.Debug|Any CPU.ActiveCfg = Debug|Any CPU
		{A9F4AECC-3070-4DDA-B7E0-A399A3FAC258}.Debug|Any CPU.Build.0 = Debug|Any CPU
		{A9F4AECC-3070-4DDA-B7E0-A399A3FAC258}.Release|Any CPU.ActiveCfg = Release|Any CPU
		{A9F4AECC-3070-4DDA-B7E0-A399A3FAC258}.Release|Any CPU.Build.0 = Release|Any CPU
	EndGlobalSection
	GlobalSection(SolutionProperties) = preSolution
		HideSolutionNode = FALSE
	EndGlobalSection
	GlobalSection(ExtensibilityGlobals) = postSolution
		SolutionGuid = {A9C8E763-43D3-4E1A-BDAB-82C73FD339F4}
	EndGlobalSection
EndGlobal
